{
    "hash": "c291be958823a616978a86873cf6481a",
    "packages": [
        {
            "package": "doctrine/common",
            "version": "dev-master",
            "source-reference": "ad2a3385ec88ae4f1c7456aa07a926e6376f219a"
        },
        {
            "package": "mockery/mockery",
            "version": "0.7.2"
        },
        {
            "package": "monolog/monolog",
            "version": "dev-master",
            "source-reference": "6c15897ac74bd53572328094eacf03fbb7b8bca7"
        },
        {
            "package": "symfony/event-dispatcher",
            "version": "dev-master",
            "source-reference": "f6b7f60b0c29ab8167de7d7c9ba78fc9cc283c64",
            "alias": "2.1.9999999.9999999-dev"
        },
        {
            "package": "symfony/form",
            "version": "dev-master",
            "source-reference": "ee06fb60e1d85ec85b8515fef57effd72bb3ea55",
            "alias": "2.1.9999999.9999999-dev"
        },
        {
            "package": "symfony/locale",
            "version": "dev-master",
            "source-reference": "b7ea9a154faac6c27cacc74b60de325b481c4d8e",
            "alias": "2.1.9999999.9999999-dev"
        },
        {
            "package": "symfony/translation",
            "version": "dev-master",
            "source-reference": "b7a4c59a34ce2c7b470e10e22e9bf47e21634156",
            "alias": "2.1.9999999.9999999-dev"
        },
        {
            "package": "symfony/twig-bridge",
            "version": "dev-master",
            "source-reference": "07870e8dc3d548be7eae47431254e75f5213a6cc",
            "alias": "2.1.9999999.9999999-dev"
        },
        {
            "package": "symfony/validator",
            "version": "dev-master",
            "source-reference": "2c507eb8587d472d98f7c4df3c32a123800121ce",
            "alias": "2.1.9999999.9999999-dev"
        },
        {
            "package": "twig/twig",
            "version": "1.6.1"
        }
    ],
    "aliases": [

    ]
}
